// !$*UTF8*$!
{
	archiveVersion = 1;
	classes = {
	};
	objectVersion = 55;
	objects = {

/* Begin PBXFileReference section */
		52DBF8CE288281920078D495 /*  */ = {isa = PBXFileReference; lastKnownFileType = folder; name = "UnityAppEventMonitor"; path = .; sourceTree = "<group>"; };
/* End PBXFileReference section */

/* Begin PBXGroup section */
		52DBF8C7288280140078D495 = {
			isa = PBXGroup;
			children = (
				52DBF8CE288281920078D495 /*  */,
			);
			sourceTree = "<group>";
		};
/* End PBXGroup section */

/* Begin PBXProject section */
		52DBF8C8288280140078D495 /* Project object */ = {
			isa = PBXProject;
			attributes = {
				BuildIndependentTargetsInParallel = 1;
				LastUpgradeCheck = 1340;
			};
			buildConfigurationList = 52DBF8CB288280140078D495 /* Build configuration list for PBXProject "AppEventMonitor" */;
			compatibilityVersion = "Xcode 13.0";
			developmentRegion = en;
			hasScannedForEncodings = 0;
			knownRegions = (
				en,
				Base,
			);
			mainGroup = 52DBF8C7288280140078D495;
			projectDirPath = "";
			projectRoot = "";
			targets = (
			);
		};
/* End PBXProject section */

/* Begin XCBuildConfiguration section */
		52DBF8CC288280140078D495 /* Debug */ = {
			isa = XCBuildConfiguration;
			buildSettings = {
			};
			name = Debug;
		};
		52DBF8CD288280140078D495 /* Release */ = {
			isa = XCBuildConfiguration;
			buildSettings = {
			};
			name = Release;
		};
/* End XCBuildConfiguration section */

/* Begin XCConfigurationList section */
		52DBF8CB288280140078D495 /* Build configuration list for PBXProject "AppEventMonitor" */ = {
			isa = XCConfigurationList;
			buildConfigurations = (
				52DBF8CC288280140078D495 /* Debug */,
				52DBF8CD288280140078D495 /* Release */,
			);
			defaultConfigurationIsVisible = 0;
			defaultConfigurationName = Release;
		};
/* End XCConfigurationList section */
	};
	rootObject = 52DBF8C8288280140078D495 /* Project object */;
}
